
Microsoft Visual Studio Solution File, Format Version 12.00
# Visual Studio Version 16
VisualStudioVersion = 16.0.33920.266
MinimumVisualStudioVersion = 10.0.40219.1
Project("{FAE04EC0-301F-11D3-BF4B-00C04F79EFBC}") = "ConsoleApp5", "ConsoleApp5.csproj", "{FCE0BB83-0732-48D0-8B85-9462CA0A32C8}"
EndProject
Global
	GlobalSection(SolutionConfigurationPlatforms) = preSolution
		Debug|Any CPU = Debug|Any CPU
		Release|Any CPU = Release|Any CPU
	EndGlobalSection
	GlobalSection(ProjectConfigurationPlatforms) = postSolution
		{FCE0BB83-0732-48D0-8B85-9462CA0A32C8}.Debug|Any CPU.ActiveCfg = Debug|Any CPU
		{FCE0BB83-0732-48D0-8B85-9462CA0A32C8}.Debug|Any CPU.Build.0 = Debug|Any CPU
		{FCE0BB83-0732-48D0-8B85-9462CA0A32C8}.Release|Any CPU.ActiveCfg = Release|Any CPU
		{FCE0BB83-0732-48D0-8B85-9462CA0A32C8}.Release|Any CPU.Build.0 = Release|Any CPU
	EndGlobalSection
	GlobalSection(SolutionProperties) = preSolution
		HideSolutionNode = FALSE
	EndGlobalSection
	GlobalSection(ExtensibilityGlobals) = postSolution
		SolutionGuid = {5559A5F9-3455-4D82-A16A-5E5D82CCCC19}
	EndGlobalSection
EndGlobal
